
Microsoft Visual Studio Solution File, Format Version 12.00
# Visual Studio Version 17
VisualStudioVersion = 17.0.31903.59
MinimumVisualStudioVersion = 10.0.40219.1
Project("{FAE04EC0-301F-11D3-BF4B-00C04F79EFBC}") = "Gravity.Dsl.Ast", "Gravity.Dsl.Ast\Gravity.Dsl.Ast.csproj", "{11111111-1111-1111-1111-111111111101}"
EndProject
Project("{FAE04EC0-301F-11D3-BF4B-00C04F79EFBC}") = "Gravity.Dsl.Compiler", "Gravity.Dsl.Compiler\Gravity.Dsl.Compiler.csproj", "{11111111-1111-1111-1111-111111111102}"
EndProject
Project("{FAE04EC0-301F-11D3-BF4B-00C04F79EFBC}") = "Gravity.Dsl.Emitter", "Gravity.Dsl.Emitter\Gravity.Dsl.Emitter.csproj", "{11111111-1111-1111-1111-111111111103}"
EndProject
Project("{FAE04EC0-301F-11D3-BF4B-00C04F79EFBC}") = "Gravity.Dsl.Emitter.CSharp", "Gravity.Dsl.Emitter.CSharp\Gravity.Dsl.Emitter.CSharp.csproj", "{11111111-1111-1111-1111-111111111104}"
EndProject
Project("{FAE04EC0-301F-11D3-BF4B-00C04F79EFBC}") = "Gravity.Dsl.Cli", "Gravity.Dsl.Cli\Gravity.Dsl.Cli.csproj", "{11111111-1111-1111-1111-111111111105}"
EndProject
Project("{FAE04EC0-301F-11D3-BF4B-00C04F79EFBC}") = "Gravity.Dsl.Tests", "Gravity.Dsl.Tests\Gravity.Dsl.Tests.csproj", "{11111111-1111-1111-1111-111111111106}"
EndProject
Project("{FAE04EC0-301F-11D3-BF4B-00C04F79EFBC}") = "Gravity.Dsl.MsBuild", "Gravity.Dsl.MsBuild\Gravity.Dsl.MsBuild.csproj", "{C9A406AF-2E87-46CE-968B-AA7EF9DCA71D}"
EndProject
Project("{2150E333-8FDC-42A3-9474-1A3956D46DE8}") = "samples", "samples", "{5D20AA90-6969-D8BD-9DCD-8634F4692FDA}"
EndProject
Project("{2150E333-8FDC-42A3-9474-1A3956D46DE8}") = "emitters", "emitters", "{670623D1-0355-3278-526B-7F2ADEB4BE44}"
EndProject
Project("{2150E333-8FDC-42A3-9474-1A3956D46DE8}") = "outline", "outline", "{FB800E6B-D390-45C0-CB2D-FCEC5435BA3E}"
EndProject
Project("{FAE04EC0-301F-11D3-BF4B-00C04F79EFBC}") = "Gravity.Dsl.Emitter.Sample.Outline", "samples\emitters\outline\Gravity.Dsl.Emitter.Sample.Outline\Gravity.Dsl.Emitter.Sample.Outline.csproj", "{65D66072-744D-418F-8361-A13C28BBEED1}"
EndProject
Global
	GlobalSection(SolutionConfigurationPlatforms) = preSolution
		Debug|Any CPU = Debug|Any CPU
		Debug|x64 = Debug|x64
		Debug|x86 = Debug|x86
		Release|Any CPU = Release|Any CPU
		Release|x64 = Release|x64
		Release|x86 = Release|x86
	EndGlobalSection
	GlobalSection(ProjectConfigurationPlatforms) = postSolution
		{11111111-1111-1111-1111-111111111101}.Debug|Any CPU.ActiveCfg = Debug|Any CPU
		{11111111-1111-1111-1111-111111111101}.Debug|Any CPU.Build.0 = Debug|Any CPU
		{11111111-1111-1111-1111-111111111101}.Debug|x64.ActiveCfg = Debug|Any CPU
		{11111111-1111-1111-1111-111111111101}.Debug|x64.Build.0 = Debug|Any CPU
		{11111111-1111-1111-1111-111111111101}.Debug|x86.ActiveCfg = Debug|Any CPU
		{11111111-1111-1111-1111-111111111101}.Debug|x86.Build.0 = Debug|Any CPU
		{11111111-1111-1111-1111-111111111101}.Release|Any CPU.ActiveCfg = Release|Any CPU
		{11111111-1111-1111-1111-111111111101}.Release|Any CPU.Build.0 = Release|Any CPU
		{11111111-1111-1111-1111-111111111101}.Release|x64.ActiveCfg = Release|Any CPU
		{11111111-1111-1111-1111-111111111101}.Release|x64.Build.0 = Release|Any CPU
		{11111111-1111-1111-1111-111111111101}.Release|x86.ActiveCfg = Release|Any CPU
		{11111111-1111-1111-1111-111111111101}.Release|x86.Build.0 = Release|Any CPU
		{11111111-1111-1111-1111-111111111102}.Debug|Any CPU.ActiveCfg = Debug|Any CPU
		{11111111-1111-1111-1111-111111111102}.Debug|Any CPU.Build.0 = Debug|Any CPU
		{11111111-1111-1111-1111-111111111102}.Debug|x64.ActiveCfg = Debug|Any CPU
		{11111111-1111-1111-1111-111111111102}.Debug|x64.Build.0 = Debug|Any CPU
		{11111111-1111-1111-1111-111111111102}.Debug|x86.ActiveCfg = Debug|Any CPU
		{11111111-1111-1111-1111-111111111102}.Debug|x86.Build.0 = Debug|Any CPU
		{11111111-1111-1111-1111-111111111102}.Release|Any CPU.ActiveCfg = Release|Any CPU
		{11111111-1111-1111-1111-111111111102}.Release|Any CPU.Build.0 = Release|Any CPU
		{11111111-1111-1111-1111-111111111102}.Release|x64.ActiveCfg = Release|Any CPU
		{11111111-1111-1111-1111-111111111102}.Release|x64.Build.0 = Release|Any CPU
		{11111111-1111-1111-1111-111111111102}.Release|x86.ActiveCfg = Release|Any CPU
		{11111111-1111-1111-1111-111111111102}.Release|x86.Build.0 = Release|Any CPU
		{11111111-1111-1111-1111-111111111103}.Debug|Any CPU.ActiveCfg = Debug|Any CPU
		{11111111-1111-1111-1111-111111111103}.Debug|Any CPU.Build.0 = Debug|Any CPU
		{11111111-1111-1111-1111-111111111103}.Debug|x64.ActiveCfg = Debug|Any CPU
		{11111111-1111-1111-1111-111111111103}.Debug|x64.Build.0 = Debug|Any CPU
		{11111111-1111-1111-1111-111111111103}.Debug|x86.ActiveCfg = Debug|Any CPU
		{11111111-1111-1111-1111-111111111103}.Debug|x86.Build.0 = Debug|Any CPU
		{11111111-1111-1111-1111-111111111103}.Release|Any CPU.ActiveCfg = Release|Any CPU
		{11111111-1111-1111-1111-111111111103}.Release|Any CPU.Build.0 = Release|Any CPU
		{11111111-1111-1111-1111-111111111103}.Release|x64.ActiveCfg = Release|Any CPU
		{11111111-1111-1111-1111-111111111103}.Release|x64.Build.0 = Release|Any CPU
		{11111111-1111-1111-1111-111111111103}.Release|x86.ActiveCfg = Release|Any CPU
		{11111111-1111-1111-1111-111111111103}.Release|x86.Build.0 = Release|Any CPU
		{11111111-1111-1111-1111-111111111104}.Debug|Any CPU.ActiveCfg = Debug|Any CPU
		{11111111-1111-1111-1111-111111111104}.Debug|Any CPU.Build.0 = Debug|Any CPU
		{11111111-1111-1111-1111-111111111104}.Debug|x64.ActiveCfg = Debug|Any CPU
		{11111111-1111-1111-1111-111111111104}.Debug|x64.Build.0 = Debug|Any CPU
		{11111111-1111-1111-1111-111111111104}.Debug|x86.ActiveCfg = Debug|Any CPU
		{11111111-1111-1111-1111-111111111104}.Debug|x86.Build.0 = Debug|Any CPU
		{11111111-1111-1111-1111-111111111104}.Release|Any CPU.ActiveCfg = Release|Any CPU
		{11111111-1111-1111-1111-111111111104}.Release|Any CPU.Build.0 = Release|Any CPU
		{11111111-1111-1111-1111-111111111104}.Release|x64.ActiveCfg = Release|Any CPU
		{11111111-1111-1111-1111-111111111104}.Release|x64.Build.0 = Release|Any CPU
		{11111111-1111-1111-1111-111111111104}.Release|x86.ActiveCfg = Release|Any CPU
		{11111111-1111-1111-1111-111111111104}.Release|x86.Build.0 = Release|Any CPU
		{11111111-1111-1111-1111-111111111105}.Debug|Any CPU.ActiveCfg = Debug|Any CPU
		{11111111-1111-1111-1111-111111111105}.Debug|Any CPU.Build.0 = Debug|Any CPU
		{11111111-1111-1111-1111-111111111105}.Debug|x64.ActiveCfg = Debug|Any CPU
		{11111111-1111-1111-1111-111111111105}.Debug|x64.Build.0 = Debug|Any CPU
		{11111111-1111-1111-1111-111111111105}.Debug|x86.ActiveCfg = Debug|Any CPU
		{11111111-1111-1111-1111-111111111105}.Debug|x86.Build.0 = Debug|Any CPU
		{11111111-1111-1111-1111-111111111105}.Release|Any CPU.ActiveCfg = Release|Any CPU
		{11111111-1111-1111-1111-111111111105}.Release|Any CPU.Build.0 = Release|Any CPU
		{11111111-1111-1111-1111-111111111105}.Release|x64.ActiveCfg = Release|Any CPU
		{11111111-1111-1111-1111-111111111105}.Release|x64.Build.0 = Release|Any CPU
		{11111111-1111-1111-1111-111111111105}.Release|x86.ActiveCfg = Release|Any CPU
		{11111111-1111-1111-1111-111111111105}.Release|x86.Build.0 = Release|Any CPU
		{11111111-1111-1111-1111-111111111106}.Debug|Any CPU.ActiveCfg = Debug|Any CPU
		{11111111-1111-1111-1111-111111111106}.Debug|Any CPU.Build.0 = Debug|Any CPU
		{11111111-1111-1111-1111-111111111106}.Debug|x64.ActiveCfg = Debug|Any CPU
		{11111111-1111-1111-1111-111111111106}.Debug|x64.Build.0 = Debug|Any CPU
		{11111111-1111-1111-1111-111111111106}.Debug|x86.ActiveCfg = Debug|Any CPU
		{11111111-1111-1111-1111-111111111106}.Debug|x86.Build.0 = Debug|Any CPU
		{11111111-1111-1111-1111-111111111106}.Release|Any CPU.ActiveCfg = Release|Any CPU
		{11111111-1111-1111-1111-111111111106}.Release|Any CPU.Build.0 = Release|Any CPU
		{11111111-1111-1111-1111-111111111106}.Release|x64.ActiveCfg = Release|Any CPU
		{11111111-1111-1111-1111-111111111106}.Release|x64.Build.0 = Release|Any CPU
		{11111111-1111-1111-1111-111111111106}.Release|x86.ActiveCfg = Release|Any CPU
		{11111111-1111-1111-1111-111111111106}.Release|x86.Build.0 = Release|Any CPU
		{C9A406AF-2E87-46CE-968B-AA7EF9DCA71D}.Debug|Any CPU.ActiveCfg = Debug|Any CPU
		{C9A406AF-2E87-46CE-968B-AA7EF9DCA71D}.Debug|Any CPU.Build.0 = Debug|Any CPU
		{C9A406AF-2E87-46CE-968B-AA7EF9DCA71D}.Debug|x64.ActiveCfg = Debug|Any CPU
		{C9A406AF-2E87-46CE-968B-AA7EF9DCA71D}.Debug|x64.Build.0 = Debug|Any CPU
		{C9A406AF-2E87-46CE-968B-AA7EF9DCA71D}.Debug|x86.ActiveCfg = Debug|Any CPU
		{C9A406AF-2E87-46CE-968B-AA7EF9DCA71D}.Debug|x86.Build.0 = Debug|Any CPU
		{C9A406AF-2E87-46CE-968B-AA7EF9DCA71D}.Release|Any CPU.ActiveCfg = Release|Any CPU
		{C9A406AF-2E87-46CE-968B-AA7EF9DCA71D}.Release|Any CPU.Build.0 = Release|Any CPU
		{C9A406AF-2E87-46CE-968B-AA7EF9DCA71D}.Release|x64.ActiveCfg = Release|Any CPU
		{C9A406AF-2E87-46CE-968B-AA7EF9DCA71D}.Release|x64.Build.0 = Release|Any CPU
		{C9A406AF-2E87-46CE-968B-AA7EF9DCA71D}.Release|x86.ActiveCfg = Release|Any CPU
		{C9A406AF-2E87-46CE-968B-AA7EF9DCA71D}.Release|x86.Build.0 = Release|Any CPU
		{65D66072-744D-418F-8361-A13C28BBEED1}.Debug|Any CPU.ActiveCfg = Debug|Any CPU
		{65D66072-744D-418F-8361-A13C28BBEED1}.Debug|Any CPU.Build.0 = Debug|Any CPU
		{65D66072-744D-418F-8361-A13C28BBEED1}.Debug|x64.ActiveCfg = Debug|Any CPU
		{65D66072-744D-418F-8361-A13C28BBEED1}.Debug|x64.Build.0 = Debug|Any CPU
		{65D66072-744D-418F-8361-A13C28BBEED1}.Debug|x86.ActiveCfg = Debug|Any CPU
		{65D66072-744D-418F-8361-A13C28BBEED1}.Debug|x86.Build.0 = Debug|Any CPU
		{65D66072-744D-418F-8361-A13C28BBEED1}.Release|Any CPU.ActiveCfg = Release|Any CPU
		{65D66072-744D-418F-8361-A13C28BBEED1}.Release|Any CPU.Build.0 = Release|Any CPU
		{65D66072-744D-418F-8361-A13C28BBEED1}.Release|x64.ActiveCfg = Release|Any CPU
		{65D66072-744D-418F-8361-A13C28BBEED1}.Release|x64.Build.0 = Release|Any CPU
		{65D66072-744D-418F-8361-A13C28BBEED1}.Release|x86.ActiveCfg = Release|Any CPU
		{65D66072-744D-418F-8361-A13C28BBEED1}.Release|x86.Build.0 = Release|Any CPU
	EndGlobalSection
	GlobalSection(SolutionProperties) = preSolution
		HideSolutionNode = FALSE
	EndGlobalSection
	GlobalSection(NestedProjects) = preSolution
		{670623D1-0355-3278-526B-7F2ADEB4BE44} = {5D20AA90-6969-D8BD-9DCD-8634F4692FDA}
		{FB800E6B-D390-45C0-CB2D-FCEC5435BA3E} = {670623D1-0355-3278-526B-7F2ADEB4BE44}
		{65D66072-744D-418F-8361-A13C28BBEED1} = {FB800E6B-D390-45C0-CB2D-FCEC5435BA3E}
	EndGlobalSection
EndGlobal
